
Microsoft Visual Studio Solution File, Format Version 12.00
# Visual Studio Version 17
VisualStudioVersion = 17.4.33213.308
MinimumVisualStudioVersion = 10.0.40219.1
Project("{FAE04EC0-301F-11D3-BF4B-00C04F79EFBC}") = "SNILS_TESTS", "SNILS\SNILS_TESTS.csproj", "{C97D219D-C1C9-4345-902A-31C1350530F5}"
EndProject
Project("{FAE04EC0-301F-11D3-BF4B-00C04F79EFBC}") = "SNILS_LIBRARY", "SNILS_LIBRARY\SNILS_LIBRARY.csproj", "{F2873C00-8FE0-47A2-9E9E-052E13CAF7EF}"
EndProject
Global
	GlobalSection(SolutionConfigurationPlatforms) = preSolution
		Debug|Any CPU = Debug|Any CPU
		Release|Any CPU = Release|Any CPU
	EndGlobalSection
	GlobalSection(ProjectConfigurationPlatforms) = postSolution
		{C97D219D-C1C9-4345-902A-31C1350530F5}.Debug|Any CPU.ActiveCfg = Debug|Any CPU
		{C97D219D-C1C9-4345-902A-31C1350530F5}.Debug|Any CPU.Build.0 = Debug|Any CPU
		{C97D219D-C1C9-4345-902A-31C1350530F5}.Release|Any CPU.ActiveCfg = Release|Any CPU
		{C97D219D-C1C9-4345-902A-31C1350530F5}.Release|Any CPU.Build.0 = Release|Any CPU
		{F2873C00-8FE0-47A2-9E9E-052E13CAF7EF}.Debug|Any CPU.ActiveCfg = Debug|Any CPU
		{F2873C00-8FE0-47A2-9E9E-052E13CAF7EF}.Debug|Any CPU.Build.0 = Debug|Any CPU
		{F2873C00-8FE0-47A2-9E9E-052E13CAF7EF}.Release|Any CPU.ActiveCfg = Release|Any CPU
		{F2873C00-8FE0-47A2-9E9E-052E13CAF7EF}.Release|Any CPU.Build.0 = Release|Any CPU
	EndGlobalSection
	GlobalSection(SolutionProperties) = preSolution
		HideSolutionNode = FALSE
	EndGlobalSection
	GlobalSection(ExtensibilityGlobals) = postSolution
		SolutionGuid = {43241FFF-19D5-4CD6-859C-12E85E636306}
	EndGlobalSection
EndGlobal
